version: 1
generated_at: 2026-06-15T13:14:28Z
internal: []
trusted:
  - action: actions/checkout
    refs:
      - 34e114876b0b11c390a56381ad16ebd13914f8d5
      - f43a0e5ff2bd294095638e18286ca9a3d1956744
    occurrences:
      34e114876b0b11c390a56381ad16ebd13914f8d5:
        .github/workflows/ci.yaml:
          - jobs.build.steps.[0].uses
          - jobs.test-setup.steps.[0].uses
          - jobs.test-setup-latest.steps.[0].uses
          - jobs.test-setup-macos.steps.[0].uses
          - jobs.test-setup-windows.steps.[0].uses
          - jobs.test-setup-self-hosted.steps.[0].uses
          - jobs.test-empty-build.steps.[0].uses
          - jobs.test-lint.steps.[0].uses
          - jobs.test-format.steps.[0].uses
          - jobs.test-breaking.steps.[0].uses
          - jobs.test-comment.steps.[0].uses
          - jobs.test-push.steps.[0].uses
          - jobs.test-push-token-only.steps.[0].uses
          - jobs.test-push-unnamed.steps.[0].uses
          - jobs.test-archive.steps.[0].uses
          - jobs.test-archive-unnamed.steps.[0].uses
          - jobs.test-archive-root.steps.[0].uses
      f43a0e5ff2bd294095638e18286ca9a3d1956744:
        .github/workflows/dependabot.yaml:
          - jobs.build.steps.[0].uses
  - action: actions/github-script
    refs:
      - f28e40c7f34bde8b3046d885e986cb6290c5673b
    occurrences:
      f28e40c7f34bde8b3046d885e986cb6290c5673b:
        .github/workflows/ci.yaml:
          - jobs.test-comment.steps.[3].uses
  - action: actions/setup-node
    refs:
      - 49933ea5288caeca8642d1e84afbd3f7d6820020
    occurrences:
      49933ea5288caeca8642d1e84afbd3f7d6820020:
        .github/workflows/ci.yaml:
          - jobs.build.steps.[1].uses
external:
  - action: bufbuild/base-workflows/.github/workflows/add-to-project.yaml
    refs:
      - 936b87d881ecb3b746df8b7e88ae583de5423a07
    occurrences:
      936b87d881ecb3b746df8b7e88ae583de5423a07:
        .github/workflows/add-to-project.yaml:
          - jobs.call-workflow-add-to-project.uses
  - action: bufbuild/base-workflows/.github/workflows/emergency-review-bypass.yaml
    refs:
      - 936b87d881ecb3b746df8b7e88ae583de5423a07
    occurrences:
      936b87d881ecb3b746df8b7e88ae583de5423a07:
        .github/workflows/emergency-review-bypass.yaml:
          - jobs.approve.uses
  - action: bufbuild/base-workflows/.github/workflows/notify-approval-bypass.yaml
    refs:
      - 936b87d881ecb3b746df8b7e88ae583de5423a07
    occurrences:
      936b87d881ecb3b746df8b7e88ae583de5423a07:
        .github/workflows/notify-approval-bypass.yaml:
          - jobs.approval.uses
  - action: bufbuild/base-workflows/.github/workflows/pr-title.yaml
    refs:
      - 936b87d881ecb3b746df8b7e88ae583de5423a07
    occurrences:
      936b87d881ecb3b746df8b7e88ae583de5423a07:
        .github/workflows/pr-title.yaml:
          - jobs.lint.uses
local:
  - path: ./
    occurrences:
      .github/workflows/ci.yaml:
        - jobs.test-setup.steps.[1].uses
        - jobs.test-setup-latest.steps.[1].uses
        - jobs.test-setup-macos.steps.[1].uses
        - jobs.test-setup-windows.steps.[1].uses
        - jobs.test-setup-self-hosted.steps.[1].uses
        - jobs.test-empty-build.steps.[1].uses
        - jobs.test-lint.steps.[2].uses
        - jobs.test-format.steps.[2].uses
        - jobs.test-breaking.steps.[2].uses
        - jobs.test-comment.steps.[2].uses
        - jobs.test-push.steps.[2].uses
        - jobs.test-push-token-only.steps.[2].uses
        - jobs.test-push-unnamed.steps.[2].uses
        - jobs.test-push-unnamed.steps.[4].uses
        - jobs.test-push-unnamed.steps.[6].uses
        - jobs.test-archive.steps.[2].uses
        - jobs.test-archive-unnamed.steps.[2].uses
        - jobs.test-archive-unnamed.steps.[4].uses
        - jobs.test-archive-root.steps.[2].uses
docker: []
dynamic: []
