version: 1
generated_at: 2026-08-21T11:46:01Z
internal: []
trusted:
  - action: actions/checkout
    refs:
      - 34e114876b0b11c390a56381ad16ebd13914f8d5
      - f43a0e5ff2bd294095638e18286ca9a3d1956744
    occurrences:
      34e114876b0b11c390a56381ad16ebd13914f8d5:
        .github/workflows/ci.yaml:
          - jobs.build.steps.[1].uses
          - jobs.test-setup.steps.[1].uses
          - jobs.test-setup-latest.steps.[1].uses
          - jobs.test-setup-macos.steps.[1].uses
          - jobs.test-setup-windows.steps.[1].uses
          - jobs.test-setup-self-hosted.steps.[1].uses
          - jobs.test-empty-build.steps.[1].uses
          - jobs.test-lint.steps.[1].uses
          - jobs.test-format.steps.[1].uses
          - jobs.test-breaking.steps.[1].uses
          - jobs.test-comment.steps.[1].uses
          - jobs.test-push.steps.[1].uses
          - jobs.test-push-token-only.steps.[1].uses
          - jobs.test-push-unnamed.steps.[1].uses
          - jobs.test-archive.steps.[1].uses
          - jobs.test-archive-unnamed.steps.[1].uses
          - jobs.test-archive-root.steps.[1].uses
      f43a0e5ff2bd294095638e18286ca9a3d1956744:
        .github/workflows/dependabot.yaml:
          - jobs.build.steps.[1].uses
  - action: actions/github-script
    refs:
      - f28e40c7f34bde8b3046d885e986cb6290c5673b
    occurrences:
      f28e40c7f34bde8b3046d885e986cb6290c5673b:
        .github/workflows/ci.yaml:
          - jobs.test-comment.steps.[4].uses
external:
  - action: step-security/harden-runner
    refs:
      - 9af89fc71515a100421586dfdb3dc9c984fbf411
    occurrences:
      9af89fc71515a100421586dfdb3dc9c984fbf411:
        .github/workflows/ci.yaml:
          - jobs.build.steps.[0].uses
          - jobs.test-setup.steps.[0].uses
          - jobs.test-setup-latest.steps.[0].uses
          - jobs.test-setup-macos.steps.[0].uses
          - jobs.test-setup-windows.steps.[0].uses
          - jobs.test-setup-self-hosted.steps.[0].uses
          - jobs.test-empty-build.steps.[0].uses
          - jobs.test-lint.steps.[0].uses
          - jobs.test-format.steps.[0].uses
          - jobs.test-breaking.steps.[0].uses
          - jobs.test-comment.steps.[0].uses
          - jobs.test-push.steps.[0].uses
          - jobs.test-push-token-only.steps.[0].uses
          - jobs.test-push-unnamed.steps.[0].uses
          - jobs.test-archive.steps.[0].uses
          - jobs.test-archive-unnamed.steps.[0].uses
          - jobs.test-archive-root.steps.[0].uses
        .github/workflows/dependabot.yaml:
          - jobs.build.steps.[0].uses
  - action: step-security/mise-action
    refs:
      - 2796166110dee826668caddd4bffedae5116e7cd
    occurrences:
      2796166110dee826668caddd4bffedae5116e7cd:
        .github/workflows/ci.yaml:
          - jobs.build.steps.[2].uses
local:
  - path: ./
    occurrences:
      .github/workflows/ci.yaml:
        - jobs.test-setup.steps.[2].uses
        - jobs.test-setup-latest.steps.[2].uses
        - jobs.test-setup-macos.steps.[2].uses
        - jobs.test-setup-windows.steps.[2].uses
        - jobs.test-setup-self-hosted.steps.[2].uses
        - jobs.test-empty-build.steps.[2].uses
        - jobs.test-lint.steps.[3].uses
        - jobs.test-format.steps.[3].uses
        - jobs.test-breaking.steps.[3].uses
        - jobs.test-comment.steps.[3].uses
        - jobs.test-push.steps.[3].uses
        - jobs.test-push-token-only.steps.[3].uses
        - jobs.test-push-unnamed.steps.[3].uses
        - jobs.test-push-unnamed.steps.[5].uses
        - jobs.test-push-unnamed.steps.[7].uses
        - jobs.test-archive.steps.[3].uses
        - jobs.test-archive-unnamed.steps.[3].uses
        - jobs.test-archive-unnamed.steps.[5].uses
        - jobs.test-archive-root.steps.[3].uses
docker: []
dynamic: []
nested_floating_deps: []
